
Microsoft Visual Studio Solution File, Format Version 12.00
# Visual Studio 15
VisualStudioVersion = 15.0.27004.2009
MinimumVisualStudioVersion = 10.0.40219.1
Project("{888888A0-9F3D-457C-B088-3A5042F75D52}") = "tkTest", "tkTest\tkTest.pyproj", "{1A0763F3-2353-4BD4-8DBC-161FF5913DD4}"
EndProject
Global
	GlobalSection(SolutionConfigurationPlatforms) = preSolution
		Debug|Any CPU = Debug|Any CPU
		Release|Any CPU = Release|Any CPU
	EndGlobalSection
	GlobalSection(ProjectConfigurationPlatforms) = postSolution
		{1A0763F3-2353-4BD4-8DBC-161FF5913DD4}.Debug|Any CPU.ActiveCfg = Debug|Any CPU
		{1A0763F3-2353-4BD4-8DBC-161FF5913DD4}.Release|Any CPU.ActiveCfg = Release|Any CPU
	EndGlobalSection
	GlobalSection(SolutionProperties) = preSolution
		HideSolutionNode = FALSE
	EndGlobalSection
	GlobalSection(ExtensibilityGlobals) = postSolution
		SolutionGuid = {9D5C44B7-471F-4722-A2DC-FF23B1A051B2}
	EndGlobalSection
EndGlobal
